
Microsoft Visual Studio Solution File, Format Version 12.00
# Visual Studio Version 17
VisualStudioVersion = 17.9.34407.89
MinimumVisualStudioVersion = 10.0.40219.1
Project("{2150E333-8FDC-42A3-9474-1A3956D46DE8}") = "Interfaces", "Interfaces", "{502C9911-4E59-4816-98FB-E5DBA01E0960}"
EndProject
Project("{9A19103F-16F7-4668-BE54-9A1E7A4F7556}") = "Interfaces", "Interfaces\Interfaces.csproj", "{352E8873-1990-4557-86E3-1B5E855D84D6}"
EndProject
Project("{2150E333-8FDC-42A3-9474-1A3956D46DE8}") = "Models", "Models", "{D492260C-759F-4F58-932F-10D85B76C1FD}"
EndProject
Project("{9A19103F-16F7-4668-BE54-9A1E7A4F7556}") = "Models.Internal", "Models\Models.Internal\Models.Internal.csproj", "{72BDD766-8E71-4CB9-B288-EE309F60986F}"
EndProject
Project("{2150E333-8FDC-42A3-9474-1A3956D46DE8}") = "Services", "Services", "{615575ED-4ED5-407C-8D74-4DE75839AB5D}"
EndProject
Project("{9A19103F-16F7-4668-BE54-9A1E7A4F7556}") = "Services", "Services\Services.csproj", "{C582333F-89B4-4667-A7F2-851206423A21}"
EndProject
Project("{2150E333-8FDC-42A3-9474-1A3956D46DE8}") = "Common", "Common", "{DF28D4D3-BB38-49E7-A516-40718C8B6A83}"
EndProject
Project("{9A19103F-16F7-4668-BE54-9A1E7A4F7556}") = "Extensions", "Common\Extensions\Extensions.csproj", "{CF5A8F23-AFF3-4041-B7D4-285EE11A9E8D}"
EndProject
Project("{FAE04EC0-301F-11D3-BF4B-00C04F79EFBC}") = "Controls", "Common\Controls\Controls.csproj", "{B777BC7B-1FC5-43A6-BECD-939128AA751A}"
EndProject
Project("{FAE04EC0-301F-11D3-BF4B-00C04F79EFBC}") = "ControlsDemo", "Common\ControlsDemo\ControlsDemo.csproj", "{D1A24AFB-B613-480E-A2DE-BD4DACA2B0E2}"
EndProject
Project("{2150E333-8FDC-42A3-9474-1A3956D46DE8}") = "Tests", "Tests", "{02EA681E-C7D8-13C7-8484-4AC65E1B71E8}"
EndProject
Project("{FAE04EC0-301F-11D3-BF4B-00C04F79EFBC}") = "SanityTests", "SanityTests\SanityTests.csproj", "{BA0BED6D-2C9B-4BCB-89F2-8BEC10B29DE8}"
EndProject
Global
	GlobalSection(SolutionConfigurationPlatforms) = preSolution
		Debug|Any CPU = Debug|Any CPU
		Release|Any CPU = Release|Any CPU
	EndGlobalSection
	GlobalSection(ProjectConfigurationPlatforms) = postSolution
		{352E8873-1990-4557-86E3-1B5E855D84D6}.Debug|Any CPU.ActiveCfg = Debug|Any CPU
		{352E8873-1990-4557-86E3-1B5E855D84D6}.Debug|Any CPU.Build.0 = Debug|Any CPU
		{352E8873-1990-4557-86E3-1B5E855D84D6}.Release|Any CPU.ActiveCfg = Release|Any CPU
		{352E8873-1990-4557-86E3-1B5E855D84D6}.Release|Any CPU.Build.0 = Release|Any CPU
		{72BDD766-8E71-4CB9-B288-EE309F60986F}.Debug|Any CPU.ActiveCfg = Debug|Any CPU
		{72BDD766-8E71-4CB9-B288-EE309F60986F}.Debug|Any CPU.Build.0 = Debug|Any CPU
		{72BDD766-8E71-4CB9-B288-EE309F60986F}.Release|Any CPU.ActiveCfg = Release|Any CPU
		{72BDD766-8E71-4CB9-B288-EE309F60986F}.Release|Any CPU.Build.0 = Release|Any CPU
		{C582333F-89B4-4667-A7F2-851206423A21}.Debug|Any CPU.ActiveCfg = Debug|Any CPU
		{C582333F-89B4-4667-A7F2-851206423A21}.Debug|Any CPU.Build.0 = Debug|Any CPU
		{C582333F-89B4-4667-A7F2-851206423A21}.Release|Any CPU.ActiveCfg = Release|Any CPU
		{C582333F-89B4-4667-A7F2-851206423A21}.Release|Any CPU.Build.0 = Release|Any CPU
		{CF5A8F23-AFF3-4041-B7D4-285EE11A9E8D}.Debug|Any CPU.ActiveCfg = Debug|Any CPU
		{CF5A8F23-AFF3-4041-B7D4-285EE11A9E8D}.Debug|Any CPU.Build.0 = Debug|Any CPU
		{CF5A8F23-AFF3-4041-B7D4-285EE11A9E8D}.Release|Any CPU.ActiveCfg = Release|Any CPU
		{CF5A8F23-AFF3-4041-B7D4-285EE11A9E8D}.Release|Any CPU.Build.0 = Release|Any CPU
		{B777BC7B-1FC5-43A6-BECD-939128AA751A}.Debug|Any CPU.ActiveCfg = Debug|Any CPU
		{B777BC7B-1FC5-43A6-BECD-939128AA751A}.Debug|Any CPU.Build.0 = Debug|Any CPU
		{B777BC7B-1FC5-43A6-BECD-939128AA751A}.Release|Any CPU.ActiveCfg = Release|Any CPU
		{B777BC7B-1FC5-43A6-BECD-939128AA751A}.Release|Any CPU.Build.0 = Release|Any CPU
		{D1A24AFB-B613-480E-A2DE-BD4DACA2B0E2}.Debug|Any CPU.ActiveCfg = Debug|Any CPU
		{D1A24AFB-B613-480E-A2DE-BD4DACA2B0E2}.Debug|Any CPU.Build.0 = Debug|Any CPU
		{D1A24AFB-B613-480E-A2DE-BD4DACA2B0E2}.Debug|Any CPU.Deploy.0 = Debug|Any CPU
		{D1A24AFB-B613-480E-A2DE-BD4DACA2B0E2}.Release|Any CPU.ActiveCfg = Release|Any CPU
		{D1A24AFB-B613-480E-A2DE-BD4DACA2B0E2}.Release|Any CPU.Build.0 = Release|Any CPU
		{D1A24AFB-B613-480E-A2DE-BD4DACA2B0E2}.Release|Any CPU.Deploy.0 = Release|Any CPU
		{BA0BED6D-2C9B-4BCB-89F2-8BEC10B29DE8}.Debug|Any CPU.ActiveCfg = Debug|Any CPU
		{BA0BED6D-2C9B-4BCB-89F2-8BEC10B29DE8}.Debug|Any CPU.Build.0 = Debug|Any CPU
		{BA0BED6D-2C9B-4BCB-89F2-8BEC10B29DE8}.Release|Any CPU.ActiveCfg = Release|Any CPU
		{BA0BED6D-2C9B-4BCB-89F2-8BEC10B29DE8}.Release|Any CPU.Build.0 = Release|Any CPU
	EndGlobalSection
	GlobalSection(SolutionProperties) = preSolution
		HideSolutionNode = FALSE
	EndGlobalSection
	GlobalSection(NestedProjects) = preSolution
		{352E8873-1990-4557-86E3-1B5E855D84D6} = {502C9911-4E59-4816-98FB-E5DBA01E0960}
		{72BDD766-8E71-4CB9-B288-EE309F60986F} = {D492260C-759F-4F58-932F-10D85B76C1FD}
		{C582333F-89B4-4667-A7F2-851206423A21} = {615575ED-4ED5-407C-8D74-4DE75839AB5D}
		{CF5A8F23-AFF3-4041-B7D4-285EE11A9E8D} = {DF28D4D3-BB38-49E7-A516-40718C8B6A83}
		{B777BC7B-1FC5-43A6-BECD-939128AA751A} = {DF28D4D3-BB38-49E7-A516-40718C8B6A83}
		{D1A24AFB-B613-480E-A2DE-BD4DACA2B0E2} = {DF28D4D3-BB38-49E7-A516-40718C8B6A83}
		{02EA681E-C7D8-13C7-8484-4AC65E1B71E8} = {02EA681E-C7D8-13C7-8484-4AC65E1B71E8}
		{BA0BED6D-2C9B-4BCB-89F2-8BEC10B29DE8} = {02EA681E-C7D8-13C7-8484-4AC65E1B71E8}
	EndGlobalSection
	GlobalSection(ExtensibilityGlobals) = postSolution
		SolutionGuid = {8A708D66-DF32-49BE-B90B-D30E5FE0852A}
	EndGlobalSection
EndGlobal
